
Microsoft Visual Studio Solution File, Format Version 12.00
# Visual Studio Version 16
VisualStudioVersion = 16.0.31424.327
MinimumVisualStudioVersion = 10.0.40219.1
Project("{FAE04EC0-301F-11D3-BF4B-00C04F79EFBC}") = "Atividade Olimpiadas - Manhã - POO II", "Atividade Olimpiadas - Manhã - POO II.csproj", "{82B4E5F7-4AD3-41CF-BEEF-03E755C2FE8B}"
EndProject
Global
	GlobalSection(SolutionConfigurationPlatforms) = preSolution
		Debug|Any CPU = Debug|Any CPU
		Release|Any CPU = Release|Any CPU
	EndGlobalSection
	GlobalSection(ProjectConfigurationPlatforms) = postSolution
		{82B4E5F7-4AD3-41CF-BEEF-03E755C2FE8B}.Debug|Any CPU.ActiveCfg = Debug|Any CPU
		{82B4E5F7-4AD3-41CF-BEEF-03E755C2FE8B}.Debug|Any CPU.Build.0 = Debug|Any CPU
		{82B4E5F7-4AD3-41CF-BEEF-03E755C2FE8B}.Release|Any CPU.ActiveCfg = Release|Any CPU
		{82B4E5F7-4AD3-41CF-BEEF-03E755C2FE8B}.Release|Any CPU.Build.0 = Release|Any CPU
	EndGlobalSection
	GlobalSection(SolutionProperties) = preSolution
		HideSolutionNode = FALSE
	EndGlobalSection
	GlobalSection(ExtensibilityGlobals) = postSolution
		SolutionGuid = {9AC2707A-AAEC-426A-A892-6E5D564E215F}
	EndGlobalSection
EndGlobal
